
Microsoft Visual Studio Solution File, Format Version 12.00
# Visual Studio Version 17
VisualStudioVersion = 17.4.33110.190
MinimumVisualStudioVersion = 10.0.40219.1
Project("{FAE04EC0-301F-11D3-BF4B-00C04F79EFBC}") = "FinanceControl.Android", "FinanceControl.Android\FinanceControl.Android.csproj", "{75DE802F-588B-4215-9EF5-F64AFE45F92E}"
EndProject
Project("{FAE04EC0-301F-11D3-BF4B-00C04F79EFBC}") = "FinanceControl.iOS", "FinanceControl.iOS\FinanceControl.iOS.csproj", "{F0F6E489-CE1C-4816-A547-84B2ECAFE8FF}"
EndProject
Project("{FAE04EC0-301F-11D3-BF4B-00C04F79EFBC}") = "FinanceControl", "FinanceControl\FinanceControl.csproj", "{3A8E808A-D694-4C79-9066-CAE2608765CD}"
EndProject
Global
	GlobalSection(SolutionConfigurationPlatforms) = preSolution
		Debug|Any CPU = Debug|Any CPU
		Debug|iPhone = Debug|iPhone
		Debug|iPhoneSimulator = Debug|iPhoneSimulator
		Release|Any CPU = Release|Any CPU
		Release|iPhone = Release|iPhone
		Release|iPhoneSimulator = Release|iPhoneSimulator
	EndGlobalSection
	GlobalSection(ProjectConfigurationPlatforms) = postSolution
		{75DE802F-588B-4215-9EF5-F64AFE45F92E}.Debug|Any CPU.ActiveCfg = Debug|Any CPU
		{75DE802F-588B-4215-9EF5-F64AFE45F92E}.Debug|Any CPU.Build.0 = Debug|Any CPU
		{75DE802F-588B-4215-9EF5-F64AFE45F92E}.Debug|Any CPU.Deploy.0 = Debug|Any CPU
		{75DE802F-588B-4215-9EF5-F64AFE45F92E}.Debug|iPhone.ActiveCfg = Debug|Any CPU
		{75DE802F-588B-4215-9EF5-F64AFE45F92E}.Debug|iPhone.Build.0 = Debug|Any CPU
		{75DE802F-588B-4215-9EF5-F64AFE45F92E}.Debug|iPhone.Deploy.0 = Debug|Any CPU
		{75DE802F-588B-4215-9EF5-F64AFE45F92E}.Debug|iPhoneSimulator.ActiveCfg = Debug|Any CPU
		{75DE802F-588B-4215-9EF5-F64AFE45F92E}.Debug|iPhoneSimulator.Build.0 = Debug|Any CPU
		{75DE802F-588B-4215-9EF5-F64AFE45F92E}.Debug|iPhoneSimulator.Deploy.0 = Debug|Any CPU
		{75DE802F-588B-4215-9EF5-F64AFE45F92E}.Release|Any CPU.ActiveCfg = Release|Any CPU
		{75DE802F-588B-4215-9EF5-F64AFE45F92E}.Release|Any CPU.Build.0 = Release|Any CPU
		{75DE802F-588B-4215-9EF5-F64AFE45F92E}.Release|Any CPU.Deploy.0 = Release|Any CPU
		{75DE802F-588B-4215-9EF5-F64AFE45F92E}.Release|iPhone.ActiveCfg = Release|Any CPU
		{75DE802F-588B-4215-9EF5-F64AFE45F92E}.Release|iPhone.Build.0 = Release|Any CPU
		{75DE802F-588B-4215-9EF5-F64AFE45F92E}.Release|iPhone.Deploy.0 = Release|Any CPU
		{75DE802F-588B-4215-9EF5-F64AFE45F92E}.Release|iPhoneSimulator.ActiveCfg = Release|Any CPU
		{75DE802F-588B-4215-9EF5-F64AFE45F92E}.Release|iPhoneSimulator.Build.0 = Release|Any CPU
		{75DE802F-588B-4215-9EF5-F64AFE45F92E}.Release|iPhoneSimulator.Deploy.0 = Release|Any CPU
		{F0F6E489-CE1C-4816-A547-84B2ECAFE8FF}.Debug|Any CPU.ActiveCfg = Debug|iPhone
		{F0F6E489-CE1C-4816-A547-84B2ECAFE8FF}.Debug|Any CPU.Build.0 = Debug|iPhone
		{F0F6E489-CE1C-4816-A547-84B2ECAFE8FF}.Debug|Any CPU.Deploy.0 = Debug|iPhone
		{F0F6E489-CE1C-4816-A547-84B2ECAFE8FF}.Debug|iPhone.ActiveCfg = Debug|iPhone
		{F0F6E489-CE1C-4816-A547-84B2ECAFE8FF}.Debug|iPhone.Build.0 = Debug|iPhone
		{F0F6E489-CE1C-4816-A547-84B2ECAFE8FF}.Debug|iPhone.Deploy.0 = Debug|iPhone
		{F0F6E489-CE1C-4816-A547-84B2ECAFE8FF}.Debug|iPhoneSimulator.ActiveCfg = Debug|iPhoneSimulator
		{F0F6E489-CE1C-4816-A547-84B2ECAFE8FF}.Debug|iPhoneSimulator.Build.0 = Debug|iPhoneSimulator
		{F0F6E489-CE1C-4816-A547-84B2ECAFE8FF}.Debug|iPhoneSimulator.Deploy.0 = Debug|iPhoneSimulator
		{F0F6E489-CE1C-4816-A547-84B2ECAFE8FF}.Release|Any CPU.ActiveCfg = Release|iPhoneSimulator
		{F0F6E489-CE1C-4816-A547-84B2ECAFE8FF}.Release|Any CPU.Build.0 = Release|iPhoneSimulator
		{F0F6E489-CE1C-4816-A547-84B2ECAFE8FF}.Release|Any CPU.Deploy.0 = Release|iPhoneSimulator
		{F0F6E489-CE1C-4816-A547-84B2ECAFE8FF}.Release|iPhone.ActiveCfg = Release|iPhone
		{F0F6E489-CE1C-4816-A547-84B2ECAFE8FF}.Release|iPhone.Build.0 = Release|iPhone
		{F0F6E489-CE1C-4816-A547-84B2ECAFE8FF}.Release|iPhone.Deploy.0 = Release|iPhone
		{F0F6E489-CE1C-4816-A547-84B2ECAFE8FF}.Release|iPhoneSimulator.ActiveCfg = Release|iPhoneSimulator
		{F0F6E489-CE1C-4816-A547-84B2ECAFE8FF}.Release|iPhoneSimulator.Build.0 = Release|iPhoneSimulator
		{F0F6E489-CE1C-4816-A547-84B2ECAFE8FF}.Release|iPhoneSimulator.Deploy.0 = Release|iPhoneSimulator
		{3A8E808A-D694-4C79-9066-CAE2608765CD}.Debug|Any CPU.ActiveCfg = Debug|Any CPU
		{3A8E808A-D694-4C79-9066-CAE2608765CD}.Debug|Any CPU.Build.0 = Debug|Any CPU
		{3A8E808A-D694-4C79-9066-CAE2608765CD}.Debug|Any CPU.Deploy.0 = Debug|Any CPU
		{3A8E808A-D694-4C79-9066-CAE2608765CD}.Debug|iPhone.ActiveCfg = Debug|Any CPU
		{3A8E808A-D694-4C79-9066-CAE2608765CD}.Debug|iPhone.Build.0 = Debug|Any CPU
		{3A8E808A-D694-4C79-9066-CAE2608765CD}.Debug|iPhone.Deploy.0 = Debug|Any CPU
		{3A8E808A-D694-4C79-9066-CAE2608765CD}.Debug|iPhoneSimulator.ActiveCfg = Debug|Any CPU
		{3A8E808A-D694-4C79-9066-CAE2608765CD}.Debug|iPhoneSimulator.Build.0 = Debug|Any CPU
		{3A8E808A-D694-4C79-9066-CAE2608765CD}.Debug|iPhoneSimulator.Deploy.0 = Debug|Any CPU
		{3A8E808A-D694-4C79-9066-CAE2608765CD}.Release|Any CPU.ActiveCfg = Release|Any CPU
		{3A8E808A-D694-4C79-9066-CAE2608765CD}.Release|Any CPU.Build.0 = Release|Any CPU
		{3A8E808A-D694-4C79-9066-CAE2608765CD}.Release|Any CPU.Deploy.0 = Release|Any CPU
		{3A8E808A-D694-4C79-9066-CAE2608765CD}.Release|iPhone.ActiveCfg = Release|Any CPU
		{3A8E808A-D694-4C79-9066-CAE2608765CD}.Release|iPhone.Build.0 = Release|Any CPU
		{3A8E808A-D694-4C79-9066-CAE2608765CD}.Release|iPhone.Deploy.0 = Release|Any CPU
		{3A8E808A-D694-4C79-9066-CAE2608765CD}.Release|iPhoneSimulator.ActiveCfg = Release|Any CPU
		{3A8E808A-D694-4C79-9066-CAE2608765CD}.Release|iPhoneSimulator.Build.0 = Release|Any CPU
		{3A8E808A-D694-4C79-9066-CAE2608765CD}.Release|iPhoneSimulator.Deploy.0 = Release|Any CPU
	EndGlobalSection
	GlobalSection(SolutionProperties) = preSolution
		HideSolutionNode = FALSE
	EndGlobalSection
	GlobalSection(ExtensibilityGlobals) = postSolution
		SolutionGuid = {01F90EF7-0BA0-457E-9C0C-576E61ECDB71}
	EndGlobalSection
EndGlobal
